
Microsoft Visual Studio Solution File, Format Version 12.00
# Visual Studio Version 16
VisualStudioVersion = 16.0.34114.132
MinimumVisualStudioVersion = 10.0.40219.1
Project("{FAE04EC0-301F-11D3-BF4B-00C04F79EFBC}") = "InventoryWebAPI", "InventoryWebAPI\InventoryWebAPI.csproj", "{D76F3460-130B-4F29-AB85-66C1EC903274}"
EndProject
Global
	GlobalSection(SolutionConfigurationPlatforms) = preSolution
		Debug|Any CPU = Debug|Any CPU
		Release|Any CPU = Release|Any CPU
	EndGlobalSection
	GlobalSection(ProjectConfigurationPlatforms) = postSolution
		{D76F3460-130B-4F29-AB85-66C1EC903274}.Debug|Any CPU.ActiveCfg = Debug|Any CPU
		{D76F3460-130B-4F29-AB85-66C1EC903274}.Debug|Any CPU.Build.0 = Debug|Any CPU
		{D76F3460-130B-4F29-AB85-66C1EC903274}.Release|Any CPU.ActiveCfg = Release|Any CPU
		{D76F3460-130B-4F29-AB85-66C1EC903274}.Release|Any CPU.Build.0 = Release|Any CPU
	EndGlobalSection
	GlobalSection(SolutionProperties) = preSolution
		HideSolutionNode = FALSE
	EndGlobalSection
	GlobalSection(ExtensibilityGlobals) = postSolution
		SolutionGuid = {F5AF4FCD-C611-4DFB-BCD4-8D3FAEAB2F6A}
	EndGlobalSection
EndGlobal
